
Microsoft Visual Studio Solution File, Format Version 12.00
# Visual Studio Version 17
VisualStudioVersion = 17.0.31903.59
MinimumVisualStudioVersion = 10.0.40219.1
Project("{FAE04EC0-301F-11D3-BF4B-00C04F79EFBC}") = "EventbriteHelper.functions", "EventbriteHelper.functions\EventbriteHelper.functions.csproj", "{227DF014-8903-4C5B-BC5E-EDF26D95A245}"
EndProject
Project("{FAE04EC0-301F-11D3-BF4B-00C04F79EFBC}") = "EventbriteHelper.cli", "EventbriteHelper.cli\EventbriteHelper.cli.csproj", "{E3E52E58-365D-4175-981F-7C4D1B275750}"
EndProject
Project("{FAE04EC0-301F-11D3-BF4B-00C04F79EFBC}") = "EventbriteHelper.cli.tests", "EventbriteHelper.cli.tests\EventbriteHelper.cli.tests.csproj", "{0EB4DD4E-1040-4515-9099-F39F6904F68B}"
EndProject
Project("{FAE04EC0-301F-11D3-BF4B-00C04F79EFBC}") = "EventbriteHelper.infrastructure", "EventbriteHelper.infrastructure\EventbriteHelper.infrastructure.csproj", "{DB1485FF-D853-41AB-9558-A853529B85A1}"
EndProject
Global
	GlobalSection(SolutionConfigurationPlatforms) = preSolution
		Debug|Any CPU = Debug|Any CPU
		Release|Any CPU = Release|Any CPU
	EndGlobalSection
	GlobalSection(ProjectConfigurationPlatforms) = postSolution
		{227DF014-8903-4C5B-BC5E-EDF26D95A245}.Debug|Any CPU.ActiveCfg = Debug|Any CPU
		{227DF014-8903-4C5B-BC5E-EDF26D95A245}.Debug|Any CPU.Build.0 = Debug|Any CPU
		{227DF014-8903-4C5B-BC5E-EDF26D95A245}.Release|Any CPU.ActiveCfg = Release|Any CPU
		{227DF014-8903-4C5B-BC5E-EDF26D95A245}.Release|Any CPU.Build.0 = Release|Any CPU
		{E3E52E58-365D-4175-981F-7C4D1B275750}.Debug|Any CPU.ActiveCfg = Debug|Any CPU
		{E3E52E58-365D-4175-981F-7C4D1B275750}.Debug|Any CPU.Build.0 = Debug|Any CPU
		{E3E52E58-365D-4175-981F-7C4D1B275750}.Release|Any CPU.ActiveCfg = Release|Any CPU
		{E3E52E58-365D-4175-981F-7C4D1B275750}.Release|Any CPU.Build.0 = Release|Any CPU
		{0EB4DD4E-1040-4515-9099-F39F6904F68B}.Debug|Any CPU.ActiveCfg = Debug|Any CPU
		{0EB4DD4E-1040-4515-9099-F39F6904F68B}.Debug|Any CPU.Build.0 = Debug|Any CPU
		{0EB4DD4E-1040-4515-9099-F39F6904F68B}.Release|Any CPU.ActiveCfg = Release|Any CPU
		{0EB4DD4E-1040-4515-9099-F39F6904F68B}.Release|Any CPU.Build.0 = Release|Any CPU
		{DB1485FF-D853-41AB-9558-A853529B85A1}.Debug|Any CPU.ActiveCfg = Debug|Any CPU
		{DB1485FF-D853-41AB-9558-A853529B85A1}.Debug|Any CPU.Build.0 = Debug|Any CPU
		{DB1485FF-D853-41AB-9558-A853529B85A1}.Release|Any CPU.ActiveCfg = Release|Any CPU
		{DB1485FF-D853-41AB-9558-A853529B85A1}.Release|Any CPU.Build.0 = Release|Any CPU
	EndGlobalSection
	GlobalSection(SolutionProperties) = preSolution
		HideSolutionNode = FALSE
	EndGlobalSection
EndGlobal
